
Microsoft Visual Studio Solution File, Format Version 12.00
# Visual Studio 14
VisualStudioVersion = 14.0.24720.0
MinimumVisualStudioVersion = 10.0.40219.1
Project("{8BC9CEB8-8B4A-11D0-8D11-00A0C91BC942}") = "Sender", "Sender\Sender.vcxproj", "{812B4FFE-49C4-4908-B349-ADB2C86E2459}"
EndProject
Project("{8BC9CEB8-8B4A-11D0-8D11-00A0C91BC942}") = "Receiver", "Receiver\Receiver.vcxproj", "{11917CCC-981D-4900-85E5-D22F2452DAF5}"
EndProject
Project("{8BC9CEB8-8B4A-11D0-8D11-00A0C91BC942}") = "Sockets", "Sockets\Sockets.vcxproj", "{CA3129B8-1BF4-44C9-B116-53EC72D0BCCB}"
EndProject
Project("{8BC9CEB8-8B4A-11D0-8D11-00A0C91BC942}") = "HttpStyleMessage", "HttpStyleMessage\HttpStyleMessage.vcxproj", "{2CDC32DA-AF35-447E-AE7E-6A141AA9DA83}"
EndProject
Project("{8BC9CEB8-8B4A-11D0-8D11-00A0C91BC942}") = "zWindowsHelpers", "WindowsHelpers\zWindowsHelpers.vcxproj", "{3407BBC5-5BC7-4BD7-860D-CBC24715737B}"
EndProject
Project("{8BC9CEB8-8B4A-11D0-8D11-00A0C91BC942}") = "Utilities", "Utilities\Utilities.vcxproj", "{462B43B2-8B13-4178-BF2A-903F76F1985C}"
EndProject
Project("{8BC9CEB8-8B4A-11D0-8D11-00A0C91BC942}") = "Cpp11-BlockingQueue", "Cpp11-BlockingQueue\Cpp11-BlockingQueue.vcxproj", "{38A1D03D-7747-4F79-9539-358F1D1D8DD7}"
EndProject
Project("{8BC9CEB8-8B4A-11D0-8D11-00A0C91BC942}") = "DataStore", "DataStore\DataStore.vcxproj", "{B816C2D9-4493-47DD-9AC2-2979F5354E2B}"
EndProject
Project("{8BC9CEB8-8B4A-11D0-8D11-00A0C91BC942}") = "FileMgr", "FileMgr\FileMgr.vcxproj", "{DDEE27FF-855E-4D10-AD7B-79CB8966EF13}"
EndProject
Project("{8BC9CEB8-8B4A-11D0-8D11-00A0C91BC942}") = "XmlDocument", "XmlDocument\XmlDocument.vcxproj", "{0A82ECDC-7520-453A-8F2C-D813FEEE7537}"
EndProject
Project("{8BC9CEB8-8B4A-11D0-8D11-00A0C91BC942}") = "XmlElement", "XmlElement\XmlElement.vcxproj", "{406B7BC4-3A0D-4E79-A55F-39E1FB33A5ED}"
EndProject
Project("{8BC9CEB8-8B4A-11D0-8D11-00A0C91BC942}") = "XmlParser", "XmlParser\XmlParser.vcxproj", "{82A1627C-4365-4154-A360-301EB80F1521}"
EndProject
Project("{8BC9CEB8-8B4A-11D0-8D11-00A0C91BC942}") = "Client", "Client\Client.vcxproj", "{9161406B-931E-4CCB-861D-55C0722CE5D1}"
EndProject
Project("{8BC9CEB8-8B4A-11D0-8D11-00A0C91BC942}") = "Server", "Server\Server.vcxproj", "{DA613BDE-5D0B-46BE-9DA0-8A37F71A67D5}"
EndProject
Project("{8BC9CEB8-8B4A-11D0-8D11-00A0C91BC942}") = "CppCli-WPF-App", "CppCli-WPF-App\CppCli-WPF-App\CppCli-WPF-App.vcxproj", "{9B64F370-F9F4-4EE7-87DC-31B469402E30}"
EndProject
Project("{8BC9CEB8-8B4A-11D0-8D11-00A0C91BC942}") = "MockChannel", "CppCli-WPF-App\MockChannel\MockChannel.vcxproj", "{8A5B596C-C501-4CF0-AF7E-6E23F53B18BD}"
EndProject
Project("{8BC9CEB8-8B4A-11D0-8D11-00A0C91BC942}") = "MetaDataGenerator", "MetaDataGenerator\MetaDataGenerator.vcxproj", "{BCE03F84-599B-4B13-90C7-C25D83518244}"
EndProject
Global
	GlobalSection(SolutionConfigurationPlatforms) = preSolution
		Debug|x64 = Debug|x64
		Debug|x86 = Debug|x86
		Release|x64 = Release|x64
		Release|x86 = Release|x86
	EndGlobalSection
	GlobalSection(ProjectConfigurationPlatforms) = postSolution
		{812B4FFE-49C4-4908-B349-ADB2C86E2459}.Debug|x64.ActiveCfg = Debug|x64
		{812B4FFE-49C4-4908-B349-ADB2C86E2459}.Debug|x64.Build.0 = Debug|x64
		{812B4FFE-49C4-4908-B349-ADB2C86E2459}.Debug|x86.ActiveCfg = Debug|Win32
		{812B4FFE-49C4-4908-B349-ADB2C86E2459}.Debug|x86.Build.0 = Debug|Win32
		{812B4FFE-49C4-4908-B349-ADB2C86E2459}.Release|x64.ActiveCfg = Release|x64
		{812B4FFE-49C4-4908-B349-ADB2C86E2459}.Release|x64.Build.0 = Release|x64
		{812B4FFE-49C4-4908-B349-ADB2C86E2459}.Release|x86.ActiveCfg = Release|Win32
		{812B4FFE-49C4-4908-B349-ADB2C86E2459}.Release|x86.Build.0 = Release|Win32
		{11917CCC-981D-4900-85E5-D22F2452DAF5}.Debug|x64.ActiveCfg = Debug|x64
		{11917CCC-981D-4900-85E5-D22F2452DAF5}.Debug|x64.Build.0 = Debug|x64
		{11917CCC-981D-4900-85E5-D22F2452DAF5}.Debug|x86.ActiveCfg = Debug|Win32
		{11917CCC-981D-4900-85E5-D22F2452DAF5}.Debug|x86.Build.0 = Debug|Win32
		{11917CCC-981D-4900-85E5-D22F2452DAF5}.Release|x64.ActiveCfg = Release|x64
		{11917CCC-981D-4900-85E5-D22F2452DAF5}.Release|x64.Build.0 = Release|x64
		{11917CCC-981D-4900-85E5-D22F2452DAF5}.Release|x86.ActiveCfg = Release|Win32
		{11917CCC-981D-4900-85E5-D22F2452DAF5}.Release|x86.Build.0 = Release|Win32
		{CA3129B8-1BF4-44C9-B116-53EC72D0BCCB}.Debug|x64.ActiveCfg = Debug|Win32
		{CA3129B8-1BF4-44C9-B116-53EC72D0BCCB}.Debug|x86.ActiveCfg = Debug|Win32
		{CA3129B8-1BF4-44C9-B116-53EC72D0BCCB}.Debug|x86.Build.0 = Debug|Win32
		{CA3129B8-1BF4-44C9-B116-53EC72D0BCCB}.Release|x64.ActiveCfg = Release|Win32
		{CA3129B8-1BF4-44C9-B116-53EC72D0BCCB}.Release|x86.ActiveCfg = Release|Win32
		{CA3129B8-1BF4-44C9-B116-53EC72D0BCCB}.Release|x86.Build.0 = Release|Win32
		{2CDC32DA-AF35-447E-AE7E-6A141AA9DA83}.Debug|x64.ActiveCfg = Debug|x64
		{2CDC32DA-AF35-447E-AE7E-6A141AA9DA83}.Debug|x64.Build.0 = Debug|x64
		{2CDC32DA-AF35-447E-AE7E-6A141AA9DA83}.Debug|x86.ActiveCfg = Debug|Win32
		{2CDC32DA-AF35-447E-AE7E-6A141AA9DA83}.Debug|x86.Build.0 = Debug|Win32
		{2CDC32DA-AF35-447E-AE7E-6A141AA9DA83}.Release|x64.ActiveCfg = Release|x64
		{2CDC32DA-AF35-447E-AE7E-6A141AA9DA83}.Release|x64.Build.0 = Release|x64
		{2CDC32DA-AF35-447E-AE7E-6A141AA9DA83}.Release|x86.ActiveCfg = Release|Win32
		{2CDC32DA-AF35-447E-AE7E-6A141AA9DA83}.Release|x86.Build.0 = Release|Win32
		{3407BBC5-5BC7-4BD7-860D-CBC24715737B}.Debug|x64.ActiveCfg = Debug|Win32
		{3407BBC5-5BC7-4BD7-860D-CBC24715737B}.Debug|x86.ActiveCfg = Debug|Win32
		{3407BBC5-5BC7-4BD7-860D-CBC24715737B}.Debug|x86.Build.0 = Debug|Win32
		{3407BBC5-5BC7-4BD7-860D-CBC24715737B}.Release|x64.ActiveCfg = Release|Win32
		{3407BBC5-5BC7-4BD7-860D-CBC24715737B}.Release|x86.ActiveCfg = Release|Win32
		{3407BBC5-5BC7-4BD7-860D-CBC24715737B}.Release|x86.Build.0 = Release|Win32
		{462B43B2-8B13-4178-BF2A-903F76F1985C}.Debug|x64.ActiveCfg = Debug|x64
		{462B43B2-8B13-4178-BF2A-903F76F1985C}.Debug|x64.Build.0 = Debug|x64
		{462B43B2-8B13-4178-BF2A-903F76F1985C}.Debug|x86.ActiveCfg = Debug|Win32
		{462B43B2-8B13-4178-BF2A-903F76F1985C}.Debug|x86.Build.0 = Debug|Win32
		{462B43B2-8B13-4178-BF2A-903F76F1985C}.Release|x64.ActiveCfg = Release|x64
		{462B43B2-8B13-4178-BF2A-903F76F1985C}.Release|x64.Build.0 = Release|x64
		{462B43B2-8B13-4178-BF2A-903F76F1985C}.Release|x86.ActiveCfg = Release|Win32
		{462B43B2-8B13-4178-BF2A-903F76F1985C}.Release|x86.Build.0 = Release|Win32
		{38A1D03D-7747-4F79-9539-358F1D1D8DD7}.Debug|x64.ActiveCfg = Debug|Win32
		{38A1D03D-7747-4F79-9539-358F1D1D8DD7}.Debug|x86.ActiveCfg = Debug|Win32
		{38A1D03D-7747-4F79-9539-358F1D1D8DD7}.Debug|x86.Build.0 = Debug|Win32
		{38A1D03D-7747-4F79-9539-358F1D1D8DD7}.Release|x64.ActiveCfg = Release|Win32
		{38A1D03D-7747-4F79-9539-358F1D1D8DD7}.Release|x86.ActiveCfg = Release|Win32
		{38A1D03D-7747-4F79-9539-358F1D1D8DD7}.Release|x86.Build.0 = Release|Win32
		{B816C2D9-4493-47DD-9AC2-2979F5354E2B}.Debug|x64.ActiveCfg = Debug|Win32
		{B816C2D9-4493-47DD-9AC2-2979F5354E2B}.Debug|x86.ActiveCfg = Debug|Win32
		{B816C2D9-4493-47DD-9AC2-2979F5354E2B}.Debug|x86.Build.0 = Debug|Win32
		{B816C2D9-4493-47DD-9AC2-2979F5354E2B}.Release|x64.ActiveCfg = Release|Win32
		{B816C2D9-4493-47DD-9AC2-2979F5354E2B}.Release|x86.ActiveCfg = Release|Win32
		{B816C2D9-4493-47DD-9AC2-2979F5354E2B}.Release|x86.Build.0 = Release|Win32
		{DDEE27FF-855E-4D10-AD7B-79CB8966EF13}.Debug|x64.ActiveCfg = Debug|Win32
		{DDEE27FF-855E-4D10-AD7B-79CB8966EF13}.Debug|x86.ActiveCfg = Debug|Win32
		{DDEE27FF-855E-4D10-AD7B-79CB8966EF13}.Debug|x86.Build.0 = Debug|Win32
		{DDEE27FF-855E-4D10-AD7B-79CB8966EF13}.Release|x64.ActiveCfg = Release|Win32
		{DDEE27FF-855E-4D10-AD7B-79CB8966EF13}.Release|x86.ActiveCfg = Release|Win32
		{DDEE27FF-855E-4D10-AD7B-79CB8966EF13}.Release|x86.Build.0 = Release|Win32
		{0A82ECDC-7520-453A-8F2C-D813FEEE7537}.Debug|x64.ActiveCfg = Debug|Win32
		{0A82ECDC-7520-453A-8F2C-D813FEEE7537}.Debug|x86.ActiveCfg = Debug|Win32
		{0A82ECDC-7520-453A-8F2C-D813FEEE7537}.Debug|x86.Build.0 = Debug|Win32
		{0A82ECDC-7520-453A-8F2C-D813FEEE7537}.Release|x64.ActiveCfg = Release|Win32
		{0A82ECDC-7520-453A-8F2C-D813FEEE7537}.Release|x86.ActiveCfg = Release|Win32
		{0A82ECDC-7520-453A-8F2C-D813FEEE7537}.Release|x86.Build.0 = Release|Win32
		{406B7BC4-3A0D-4E79-A55F-39E1FB33A5ED}.Debug|x64.ActiveCfg = Debug|Win32
		{406B7BC4-3A0D-4E79-A55F-39E1FB33A5ED}.Debug|x86.ActiveCfg = Debug|Win32
		{406B7BC4-3A0D-4E79-A55F-39E1FB33A5ED}.Debug|x86.Build.0 = Debug|Win32
		{406B7BC4-3A0D-4E79-A55F-39E1FB33A5ED}.Release|x64.ActiveCfg = Release|Win32
		{406B7BC4-3A0D-4E79-A55F-39E1FB33A5ED}.Release|x86.ActiveCfg = Release|Win32
		{406B7BC4-3A0D-4E79-A55F-39E1FB33A5ED}.Release|x86.Build.0 = Release|Win32
		{82A1627C-4365-4154-A360-301EB80F1521}.Debug|x64.ActiveCfg = Debug|Win32
		{82A1627C-4365-4154-A360-301EB80F1521}.Debug|x86.ActiveCfg = Debug|Win32
		{82A1627C-4365-4154-A360-301EB80F1521}.Debug|x86.Build.0 = Debug|Win32
		{82A1627C-4365-4154-A360-301EB80F1521}.Release|x64.ActiveCfg = Release|Win32
		{82A1627C-4365-4154-A360-301EB80F1521}.Release|x86.ActiveCfg = Release|Win32
		{82A1627C-4365-4154-A360-301EB80F1521}.Release|x86.Build.0 = Release|Win32
		{9161406B-931E-4CCB-861D-55C0722CE5D1}.Debug|x64.ActiveCfg = Debug|x64
		{9161406B-931E-4CCB-861D-55C0722CE5D1}.Debug|x64.Build.0 = Debug|x64
		{9161406B-931E-4CCB-861D-55C0722CE5D1}.Debug|x86.ActiveCfg = Debug|Win32
		{9161406B-931E-4CCB-861D-55C0722CE5D1}.Debug|x86.Build.0 = Debug|Win32
		{9161406B-931E-4CCB-861D-55C0722CE5D1}.Release|x64.ActiveCfg = Release|x64
		{9161406B-931E-4CCB-861D-55C0722CE5D1}.Release|x64.Build.0 = Release|x64
		{9161406B-931E-4CCB-861D-55C0722CE5D1}.Release|x86.ActiveCfg = Release|Win32
		{9161406B-931E-4CCB-861D-55C0722CE5D1}.Release|x86.Build.0 = Release|Win32
		{DA613BDE-5D0B-46BE-9DA0-8A37F71A67D5}.Debug|x64.ActiveCfg = Debug|x64
		{DA613BDE-5D0B-46BE-9DA0-8A37F71A67D5}.Debug|x64.Build.0 = Debug|x64
		{DA613BDE-5D0B-46BE-9DA0-8A37F71A67D5}.Debug|x86.ActiveCfg = Debug|Win32
		{DA613BDE-5D0B-46BE-9DA0-8A37F71A67D5}.Debug|x86.Build.0 = Debug|Win32
		{DA613BDE-5D0B-46BE-9DA0-8A37F71A67D5}.Release|x64.ActiveCfg = Release|x64
		{DA613BDE-5D0B-46BE-9DA0-8A37F71A67D5}.Release|x64.Build.0 = Release|x64
		{DA613BDE-5D0B-46BE-9DA0-8A37F71A67D5}.Release|x86.ActiveCfg = Release|Win32
		{DA613BDE-5D0B-46BE-9DA0-8A37F71A67D5}.Release|x86.Build.0 = Release|Win32
		{9B64F370-F9F4-4EE7-87DC-31B469402E30}.Debug|x64.ActiveCfg = Debug|Win32
		{9B64F370-F9F4-4EE7-87DC-31B469402E30}.Debug|x86.ActiveCfg = Debug|Win32
		{9B64F370-F9F4-4EE7-87DC-31B469402E30}.Debug|x86.Build.0 = Debug|Win32
		{9B64F370-F9F4-4EE7-87DC-31B469402E30}.Release|x64.ActiveCfg = Release|Win32
		{9B64F370-F9F4-4EE7-87DC-31B469402E30}.Release|x86.ActiveCfg = Release|Win32
		{9B64F370-F9F4-4EE7-87DC-31B469402E30}.Release|x86.Build.0 = Release|Win32
		{8A5B596C-C501-4CF0-AF7E-6E23F53B18BD}.Debug|x64.ActiveCfg = Debug|Win32
		{8A5B596C-C501-4CF0-AF7E-6E23F53B18BD}.Debug|x86.ActiveCfg = Debug|Win32
		{8A5B596C-C501-4CF0-AF7E-6E23F53B18BD}.Debug|x86.Build.0 = Debug|Win32
		{8A5B596C-C501-4CF0-AF7E-6E23F53B18BD}.Release|x64.ActiveCfg = Release|Win32
		{8A5B596C-C501-4CF0-AF7E-6E23F53B18BD}.Release|x86.ActiveCfg = Release|Win32
		{8A5B596C-C501-4CF0-AF7E-6E23F53B18BD}.Release|x86.Build.0 = Release|Win32
		{BCE03F84-599B-4B13-90C7-C25D83518244}.Debug|x64.ActiveCfg = Debug|x64
		{BCE03F84-599B-4B13-90C7-C25D83518244}.Debug|x64.Build.0 = Debug|x64
		{BCE03F84-599B-4B13-90C7-C25D83518244}.Debug|x86.ActiveCfg = Debug|Win32
		{BCE03F84-599B-4B13-90C7-C25D83518244}.Debug|x86.Build.0 = Debug|Win32
		{BCE03F84-599B-4B13-90C7-C25D83518244}.Release|x64.ActiveCfg = Release|x64
		{BCE03F84-599B-4B13-90C7-C25D83518244}.Release|x64.Build.0 = Release|x64
		{BCE03F84-599B-4B13-90C7-C25D83518244}.Release|x86.ActiveCfg = Release|Win32
		{BCE03F84-599B-4B13-90C7-C25D83518244}.Release|x86.Build.0 = Release|Win32
	EndGlobalSection
	GlobalSection(SolutionProperties) = preSolution
		HideSolutionNode = FALSE
	EndGlobalSection
EndGlobal
